
Microsoft Visual Studio Solution File, Format Version 12.00
# Visual Studio 15
VisualStudioVersion = 15.0.27130.2036
MinimumVisualStudioVersion = 10.0.40219.1
Project("{FAE04EC0-301F-11D3-BF4B-00C04F79EFBC}") = "PartyIndicator", "PartyIndicator\PartyIndicator.csproj", "{21F84A1E-D4C4-44E3-961A-91D0B2C4B432}"
EndProject
Global
	GlobalSection(SolutionConfigurationPlatforms) = preSolution
		Debug|Any CPU = Debug|Any CPU
		Release|Any CPU = Release|Any CPU
	EndGlobalSection
	GlobalSection(ProjectConfigurationPlatforms) = postSolution
		{21F84A1E-D4C4-44E3-961A-91D0B2C4B432}.Debug|Any CPU.ActiveCfg = Debug|Any CPU
		{21F84A1E-D4C4-44E3-961A-91D0B2C4B432}.Debug|Any CPU.Build.0 = Debug|Any CPU
		{21F84A1E-D4C4-44E3-961A-91D0B2C4B432}.Release|Any CPU.ActiveCfg = Release|Any CPU
		{21F84A1E-D4C4-44E3-961A-91D0B2C4B432}.Release|Any CPU.Build.0 = Release|Any CPU
	EndGlobalSection
	GlobalSection(SolutionProperties) = preSolution
		HideSolutionNode = FALSE
	EndGlobalSection
	GlobalSection(ExtensibilityGlobals) = postSolution
		SolutionGuid = {FE9BA52A-077B-48FC-9E4C-BBF2A80B7071}
	EndGlobalSection
EndGlobal
