
Microsoft Visual Studio Solution File, Format Version 12.00
# Visual Studio 15
VisualStudioVersion = 15.0.27130.2036
MinimumVisualStudioVersion = 10.0.40219.1
Project("{FAE04EC0-301F-11D3-BF4B-00C04F79EFBC}") = "DefineBasicInfo", "DefineBasicInfo\DefineBasicInfo.csproj", "{1FB5650E-0154-4066-A067-304E2FF8AF9A}"
EndProject
Global
	GlobalSection(SolutionConfigurationPlatforms) = preSolution
		Debug|Any CPU = Debug|Any CPU
		Release|Any CPU = Release|Any CPU
	EndGlobalSection
	GlobalSection(ProjectConfigurationPlatforms) = postSolution
		{1FB5650E-0154-4066-A067-304E2FF8AF9A}.Debug|Any CPU.ActiveCfg = Debug|Any CPU
		{1FB5650E-0154-4066-A067-304E2FF8AF9A}.Debug|Any CPU.Build.0 = Debug|Any CPU
		{1FB5650E-0154-4066-A067-304E2FF8AF9A}.Release|Any CPU.ActiveCfg = Release|Any CPU
		{1FB5650E-0154-4066-A067-304E2FF8AF9A}.Release|Any CPU.Build.0 = Release|Any CPU
	EndGlobalSection
	GlobalSection(SolutionProperties) = preSolution
		HideSolutionNode = FALSE
	EndGlobalSection
	GlobalSection(ExtensibilityGlobals) = postSolution
		SolutionGuid = {7089D83E-0296-47B0-987F-C67F448EA907}
	EndGlobalSection
EndGlobal
