
Microsoft Visual Studio Solution File, Format Version 12.00
# Visual Studio 15
VisualStudioVersion = 15.0.27130.2036
MinimumVisualStudioVersion = 10.0.40219.1
Project("{FAE04EC0-301F-11D3-BF4B-00C04F79EFBC}") = "HumptyDumpty", "HumptyDumpty\HumptyDumpty.csproj", "{ADC3D806-C5D8-4A0D-A965-C3522EB0C732}"
EndProject
Global
	GlobalSection(SolutionConfigurationPlatforms) = preSolution
		Debug|Any CPU = Debug|Any CPU
		Release|Any CPU = Release|Any CPU
	EndGlobalSection
	GlobalSection(ProjectConfigurationPlatforms) = postSolution
		{ADC3D806-C5D8-4A0D-A965-C3522EB0C732}.Debug|Any CPU.ActiveCfg = Debug|Any CPU
		{ADC3D806-C5D8-4A0D-A965-C3522EB0C732}.Debug|Any CPU.Build.0 = Debug|Any CPU
		{ADC3D806-C5D8-4A0D-A965-C3522EB0C732}.Release|Any CPU.ActiveCfg = Release|Any CPU
		{ADC3D806-C5D8-4A0D-A965-C3522EB0C732}.Release|Any CPU.Build.0 = Release|Any CPU
	EndGlobalSection
	GlobalSection(SolutionProperties) = preSolution
		HideSolutionNode = FALSE
	EndGlobalSection
	GlobalSection(ExtensibilityGlobals) = postSolution
		SolutionGuid = {CFAAE5FA-D6C7-42A8-A5B8-D4FB5D048B21}
	EndGlobalSection
EndGlobal
