
Microsoft Visual Studio Solution File, Format Version 12.00
# Visual Studio 15
VisualStudioVersion = 15.0.27130.2036
MinimumVisualStudioVersion = 10.0.40219.1
Project("{FAE04EC0-301F-11D3-BF4B-00C04F79EFBC}") = "SecondsDay", "SecondsDay\SecondsDay.csproj", "{268AF993-4F39-473B-8E81-8623B9EA69D9}"
EndProject
Global
	GlobalSection(SolutionConfigurationPlatforms) = preSolution
		Debug|Any CPU = Debug|Any CPU
		Release|Any CPU = Release|Any CPU
	EndGlobalSection
	GlobalSection(ProjectConfigurationPlatforms) = postSolution
		{268AF993-4F39-473B-8E81-8623B9EA69D9}.Debug|Any CPU.ActiveCfg = Debug|Any CPU
		{268AF993-4F39-473B-8E81-8623B9EA69D9}.Debug|Any CPU.Build.0 = Debug|Any CPU
		{268AF993-4F39-473B-8E81-8623B9EA69D9}.Release|Any CPU.ActiveCfg = Release|Any CPU
		{268AF993-4F39-473B-8E81-8623B9EA69D9}.Release|Any CPU.Build.0 = Release|Any CPU
	EndGlobalSection
	GlobalSection(SolutionProperties) = preSolution
		HideSolutionNode = FALSE
	EndGlobalSection
	GlobalSection(ExtensibilityGlobals) = postSolution
		SolutionGuid = {070A11F4-8EFE-4F32-952D-8446E4B0C53B}
	EndGlobalSection
EndGlobal
