
Microsoft Visual Studio Solution File, Format Version 12.00
# Visual Studio 15
VisualStudioVersion = 15.0.27130.2036
MinimumVisualStudioVersion = 10.0.40219.1
Project("{FAE04EC0-301F-11D3-BF4B-00C04F79EFBC}") = "SwapElements", "SwapElements\SwapElements.csproj", "{119429DF-0BDB-4BBF-BDED-117E25C74541}"
EndProject
Global
	GlobalSection(SolutionConfigurationPlatforms) = preSolution
		Debug|Any CPU = Debug|Any CPU
		Release|Any CPU = Release|Any CPU
	EndGlobalSection
	GlobalSection(ProjectConfigurationPlatforms) = postSolution
		{119429DF-0BDB-4BBF-BDED-117E25C74541}.Debug|Any CPU.ActiveCfg = Debug|Any CPU
		{119429DF-0BDB-4BBF-BDED-117E25C74541}.Debug|Any CPU.Build.0 = Debug|Any CPU
		{119429DF-0BDB-4BBF-BDED-117E25C74541}.Release|Any CPU.ActiveCfg = Release|Any CPU
		{119429DF-0BDB-4BBF-BDED-117E25C74541}.Release|Any CPU.Build.0 = Release|Any CPU
	EndGlobalSection
	GlobalSection(SolutionProperties) = preSolution
		HideSolutionNode = FALSE
	EndGlobalSection
	GlobalSection(ExtensibilityGlobals) = postSolution
		SolutionGuid = {DC8E8A80-0048-4B82-BF5D-AABCBA921521}
	EndGlobalSection
EndGlobal
