
Microsoft Visual Studio Solution File, Format Version 12.00
# Visual Studio 15
VisualStudioVersion = 15.0.27130.2036
MinimumVisualStudioVersion = 10.0.40219.1
Project("{FAE04EC0-301F-11D3-BF4B-00C04F79EFBC}") = "HelloUser", "HelloUser\HelloUser.csproj", "{FE17F86E-2137-4435-8FE7-452DAC3F89B9}"
EndProject
Global
	GlobalSection(SolutionConfigurationPlatforms) = preSolution
		Debug|Any CPU = Debug|Any CPU
		Release|Any CPU = Release|Any CPU
	EndGlobalSection
	GlobalSection(ProjectConfigurationPlatforms) = postSolution
		{FE17F86E-2137-4435-8FE7-452DAC3F89B9}.Debug|Any CPU.ActiveCfg = Debug|Any CPU
		{FE17F86E-2137-4435-8FE7-452DAC3F89B9}.Debug|Any CPU.Build.0 = Debug|Any CPU
		{FE17F86E-2137-4435-8FE7-452DAC3F89B9}.Release|Any CPU.ActiveCfg = Release|Any CPU
		{FE17F86E-2137-4435-8FE7-452DAC3F89B9}.Release|Any CPU.Build.0 = Release|Any CPU
	EndGlobalSection
	GlobalSection(SolutionProperties) = preSolution
		HideSolutionNode = FALSE
	EndGlobalSection
	GlobalSection(ExtensibilityGlobals) = postSolution
		SolutionGuid = {302F22EB-D4FB-4880-979C-E911A20CC992}
	EndGlobalSection
EndGlobal
