
Microsoft Visual Studio Solution File, Format Version 12.00
# Visual Studio 15
VisualStudioVersion = 15.0.27130.2036
MinimumVisualStudioVersion = 10.0.40219.1
Project("{FAE04EC0-301F-11D3-BF4B-00C04F79EFBC}") = "Factorio", "Factorio\Factorio.csproj", "{2DC78805-93C1-4E50-9860-2A30FBDFB58D}"
EndProject
Global
	GlobalSection(SolutionConfigurationPlatforms) = preSolution
		Debug|Any CPU = Debug|Any CPU
		Release|Any CPU = Release|Any CPU
	EndGlobalSection
	GlobalSection(ProjectConfigurationPlatforms) = postSolution
		{2DC78805-93C1-4E50-9860-2A30FBDFB58D}.Debug|Any CPU.ActiveCfg = Debug|Any CPU
		{2DC78805-93C1-4E50-9860-2A30FBDFB58D}.Debug|Any CPU.Build.0 = Debug|Any CPU
		{2DC78805-93C1-4E50-9860-2A30FBDFB58D}.Release|Any CPU.ActiveCfg = Release|Any CPU
		{2DC78805-93C1-4E50-9860-2A30FBDFB58D}.Release|Any CPU.Build.0 = Release|Any CPU
	EndGlobalSection
	GlobalSection(SolutionProperties) = preSolution
		HideSolutionNode = FALSE
	EndGlobalSection
	GlobalSection(ExtensibilityGlobals) = postSolution
		SolutionGuid = {EABB5F9A-F5D8-4DE2-9C97-3C598C36CD69}
	EndGlobalSection
EndGlobal
