
Microsoft Visual Studio Solution File, Format Version 12.00
# Visual Studio 15
VisualStudioVersion = 15.0.27130.2036
MinimumVisualStudioVersion = 10.0.40219.1
Project("{FAE04EC0-301F-11D3-BF4B-00C04F79EFBC}") = "CompareLength", "CompareLength\CompareLength.csproj", "{B7571210-C7D7-4E14-A604-6937272E83FF}"
EndProject
Global
	GlobalSection(SolutionConfigurationPlatforms) = preSolution
		Debug|Any CPU = Debug|Any CPU
		Release|Any CPU = Release|Any CPU
	EndGlobalSection
	GlobalSection(ProjectConfigurationPlatforms) = postSolution
		{B7571210-C7D7-4E14-A604-6937272E83FF}.Debug|Any CPU.ActiveCfg = Debug|Any CPU
		{B7571210-C7D7-4E14-A604-6937272E83FF}.Debug|Any CPU.Build.0 = Debug|Any CPU
		{B7571210-C7D7-4E14-A604-6937272E83FF}.Release|Any CPU.ActiveCfg = Release|Any CPU
		{B7571210-C7D7-4E14-A604-6937272E83FF}.Release|Any CPU.Build.0 = Release|Any CPU
	EndGlobalSection
	GlobalSection(SolutionProperties) = preSolution
		HideSolutionNode = FALSE
	EndGlobalSection
	GlobalSection(ExtensibilityGlobals) = postSolution
		SolutionGuid = {70A08684-8C97-43D3-83BA-AC4289DAFA58}
	EndGlobalSection
EndGlobal
